
Microsoft Visual Studio Solution File, Format Version 12.00
# Visual Studio Version 17
VisualStudioVersion = 17.5.33516.290
MinimumVisualStudioVersion = 10.0.40219.1
Project("{FAE04EC0-301F-11D3-BF4B-00C04F79EFBC}") = "SkeltonDotNet", "SkeltonDotNet\SkeltonDotNet.csproj", "{7EC4C948-8A9D-44EC-9FC9-FD40AEC06D5A}"
EndProject
Global
	GlobalSection(SolutionConfigurationPlatforms) = preSolution
		Debug|x64 = Debug|x64
		Release|x64 = Release|x64
	EndGlobalSection
	GlobalSection(ProjectConfigurationPlatforms) = postSolution
		{7EC4C948-8A9D-44EC-9FC9-FD40AEC06D5A}.Debug|x64.ActiveCfg = Debug|x64
		{7EC4C948-8A9D-44EC-9FC9-FD40AEC06D5A}.Debug|x64.Build.0 = Debug|x64
		{7EC4C948-8A9D-44EC-9FC9-FD40AEC06D5A}.Release|x64.ActiveCfg = Release|x64
		{7EC4C948-8A9D-44EC-9FC9-FD40AEC06D5A}.Release|x64.Build.0 = Release|x64
	EndGlobalSection
	GlobalSection(SolutionProperties) = preSolution
		HideSolutionNode = FALSE
	EndGlobalSection
	GlobalSection(ExtensibilityGlobals) = postSolution
		SolutionGuid = {9537ADED-0A4A-492E-B990-98A8C4758993}
	EndGlobalSection
EndGlobal
